
Microsoft Visual Studio Solution File, Format Version 12.00
# Visual Studio Version 16
VisualStudioVersion = 16.0.29025.244
MinimumVisualStudioVersion = 10.0.40219.1
Project("{FAE04EC0-301F-11D3-BF4B-00C04F79EFBC}") = "HRApplication", "HRApplication\HRApplication.csproj", "{B9509DE5-430C-4FB8-B42B-772C447A90F3}"
EndProject
Project("{FAE04EC0-301F-11D3-BF4B-00C04F79EFBC}") = "TestApp", "TestApp\TestApp.csproj", "{C18D5EEE-F03A-4DF5-8012-75B7D9C1A2BE}"
EndProject
Global
	GlobalSection(SolutionConfigurationPlatforms) = preSolution
		Debug|Any CPU = Debug|Any CPU
		Release|Any CPU = Release|Any CPU
	EndGlobalSection
	GlobalSection(ProjectConfigurationPlatforms) = postSolution
		{B9509DE5-430C-4FB8-B42B-772C447A90F3}.Debug|Any CPU.ActiveCfg = Debug|Any CPU
		{B9509DE5-430C-4FB8-B42B-772C447A90F3}.Debug|Any CPU.Build.0 = Debug|Any CPU
		{B9509DE5-430C-4FB8-B42B-772C447A90F3}.Release|Any CPU.ActiveCfg = Release|Any CPU
		{B9509DE5-430C-4FB8-B42B-772C447A90F3}.Release|Any CPU.Build.0 = Release|Any CPU
		{C18D5EEE-F03A-4DF5-8012-75B7D9C1A2BE}.Debug|Any CPU.ActiveCfg = Debug|Any CPU
		{C18D5EEE-F03A-4DF5-8012-75B7D9C1A2BE}.Debug|Any CPU.Build.0 = Debug|Any CPU
		{C18D5EEE-F03A-4DF5-8012-75B7D9C1A2BE}.Release|Any CPU.ActiveCfg = Release|Any CPU
		{C18D5EEE-F03A-4DF5-8012-75B7D9C1A2BE}.Release|Any CPU.Build.0 = Release|Any CPU
	EndGlobalSection
	GlobalSection(SolutionProperties) = preSolution
		HideSolutionNode = FALSE
	EndGlobalSection
	GlobalSection(ExtensibilityGlobals) = postSolution
		SolutionGuid = {62534FEA-DCFE-4EEC-87BD-200F1A1241D3}
	EndGlobalSection
EndGlobal
